
Microsoft Visual Studio Solution File, Format Version 12.00
# Visual Studio Version 16
VisualStudioVersion = 16.0.30523.141
MinimumVisualStudioVersion = 10.0.40219.1
Project("{FAE04EC0-301F-11D3-BF4B-00C04F79EFBC}") = "1.FactoryPatterm", "1.FactoryPatterm\1.FactoryPatterm.csproj", "{F0919626-6469-47BC-85A3-BEC1DD415169}"
EndProject
Project("{FAE04EC0-301F-11D3-BF4B-00C04F79EFBC}") = "2.AbstractFactoryPattem", "2.AbstractFactoryPattem\2.AbstractFactoryPattem.csproj", "{666BF1B8-432C-4939-896E-8AA0BDBF3E44}"
EndProject
Project("{FAE04EC0-301F-11D3-BF4B-00C04F79EFBC}") = "3.SingletonPatterm", "3.SingletonPatterm\3.SingletonPatterm.csproj", "{339A7555-F313-4797-A7F1-4EC7F485C16B}"
EndProject
Project("{FAE04EC0-301F-11D3-BF4B-00C04F79EFBC}") = "4.BuilderPattern", "4.BuilderPattern\4.BuilderPattern.csproj", "{6A957546-5E0A-402C-9449-E518022DFEA5}"
EndProject
Project("{FAE04EC0-301F-11D3-BF4B-00C04F79EFBC}") = "5.PrototypePattern", "5.PrototypePattern\5.PrototypePattern.csproj", "{98AE42BE-69CC-40E3-9668-376427480024}"
EndProject
Project("{FAE04EC0-301F-11D3-BF4B-00C04F79EFBC}") = "6.AdpterPattern", "6.AdpterPattern\6.AdpterPattern.csproj", "{64CC4640-3DEC-4982-92C3-146155195047}"
EndProject
Project("{FAE04EC0-301F-11D3-BF4B-00C04F79EFBC}") = "7.BridgePattern", "7.BridgePattern\7.BridgePattern.csproj", "{3FD23EF2-9B94-44F5-A680-52613B8B03C5}"
EndProject
Project("{FAE04EC0-301F-11D3-BF4B-00C04F79EFBC}") = "8.FilterPattern", "8.FilterPattern\8.FilterPattern.csproj", "{68E3BD1F-9AD0-4D8A-880D-9DE5ACE88F80}"
EndProject
Project("{FAE04EC0-301F-11D3-BF4B-00C04F79EFBC}") = "9.CompositePattern", "9.CompositePattern\9.CompositePattern.csproj", "{3B1B97B9-E78B-48B7-A0D8-8EE7DD2F224F}"
EndProject
Project("{FAE04EC0-301F-11D3-BF4B-00C04F79EFBC}") = "A10.DecoratorPattern", "A10.DecoratorPattern\A10.DecoratorPattern.csproj", "{A6086015-8B75-4541-9632-D39454FBB488}"
EndProject
Project("{FAE04EC0-301F-11D3-BF4B-00C04F79EFBC}") = "A11.FacadePattern", "A11.FacadePattern\A11.FacadePattern.csproj", "{AB028CFF-F64E-4C8D-BCC4-3B08371BC49E}"
EndProject
Project("{FAE04EC0-301F-11D3-BF4B-00C04F79EFBC}") = "A12.FlyweightPattern", "A11.FlyweightPattern\A12.FlyweightPattern.csproj", "{406C0A31-5A39-474E-B252-4C86FFECA734}"
EndProject
Project("{FAE04EC0-301F-11D3-BF4B-00C04F79EFBC}") = "A13.ProxyPattern", "A13.ProxyPattern\A13.ProxyPattern.csproj", "{DB3E2B7E-3807-41C2-913D-0566C720090C}"
EndProject
Project("{FAE04EC0-301F-11D3-BF4B-00C04F79EFBC}") = "A14.ChainOfResponsibilityPattern", "A14.ChainOfResponsibilityPattern\A14.ChainOfResponsibilityPattern.csproj", "{D4BF03F9-F086-4282-9C21-C88216D575E9}"
EndProject
Project("{FAE04EC0-301F-11D3-BF4B-00C04F79EFBC}") = "A15.CommandPattern", "A15.CommandPattern\A15.CommandPattern.csproj", "{8F7A831D-C110-43E6-B4F7-D5AC8EC38687}"
EndProject
Project("{FAE04EC0-301F-11D3-BF4B-00C04F79EFBC}") = "A16.InterpreterPattern", "A16.InterpreterPattern\A16.InterpreterPattern.csproj", "{B320E352-6D15-43C8-A523-31B41DABA27B}"
EndProject
Project("{FAE04EC0-301F-11D3-BF4B-00C04F79EFBC}") = "A17.LteratorPattern", "A17.LteratorPattern\A17.LteratorPattern.csproj", "{6C98187E-A22F-4839-AE20-839782BFE114}"
EndProject
Global
	GlobalSection(SolutionConfigurationPlatforms) = preSolution
		Debug|Any CPU = Debug|Any CPU
		Release|Any CPU = Release|Any CPU
	EndGlobalSection
	GlobalSection(ProjectConfigurationPlatforms) = postSolution
		{F0919626-6469-47BC-85A3-BEC1DD415169}.Debug|Any CPU.ActiveCfg = Debug|Any CPU
		{F0919626-6469-47BC-85A3-BEC1DD415169}.Debug|Any CPU.Build.0 = Debug|Any CPU
		{F0919626-6469-47BC-85A3-BEC1DD415169}.Release|Any CPU.ActiveCfg = Release|Any CPU
		{F0919626-6469-47BC-85A3-BEC1DD415169}.Release|Any CPU.Build.0 = Release|Any CPU
		{666BF1B8-432C-4939-896E-8AA0BDBF3E44}.Debug|Any CPU.ActiveCfg = Debug|Any CPU
		{666BF1B8-432C-4939-896E-8AA0BDBF3E44}.Debug|Any CPU.Build.0 = Debug|Any CPU
		{666BF1B8-432C-4939-896E-8AA0BDBF3E44}.Release|Any CPU.ActiveCfg = Release|Any CPU
		{666BF1B8-432C-4939-896E-8AA0BDBF3E44}.Release|Any CPU.Build.0 = Release|Any CPU
		{339A7555-F313-4797-A7F1-4EC7F485C16B}.Debug|Any CPU.ActiveCfg = Debug|Any CPU
		{339A7555-F313-4797-A7F1-4EC7F485C16B}.Debug|Any CPU.Build.0 = Debug|Any CPU
		{339A7555-F313-4797-A7F1-4EC7F485C16B}.Release|Any CPU.ActiveCfg = Release|Any CPU
		{339A7555-F313-4797-A7F1-4EC7F485C16B}.Release|Any CPU.Build.0 = Release|Any CPU
		{6A957546-5E0A-402C-9449-E518022DFEA5}.Debug|Any CPU.ActiveCfg = Debug|Any CPU
		{6A957546-5E0A-402C-9449-E518022DFEA5}.Debug|Any CPU.Build.0 = Debug|Any CPU
		{6A957546-5E0A-402C-9449-E518022DFEA5}.Release|Any CPU.ActiveCfg = Release|Any CPU
		{6A957546-5E0A-402C-9449-E518022DFEA5}.Release|Any CPU.Build.0 = Release|Any CPU
		{98AE42BE-69CC-40E3-9668-376427480024}.Debug|Any CPU.ActiveCfg = Debug|Any CPU
		{98AE42BE-69CC-40E3-9668-376427480024}.Debug|Any CPU.Build.0 = Debug|Any CPU
		{98AE42BE-69CC-40E3-9668-376427480024}.Release|Any CPU.ActiveCfg = Release|Any CPU
		{98AE42BE-69CC-40E3-9668-376427480024}.Release|Any CPU.Build.0 = Release|Any CPU
		{64CC4640-3DEC-4982-92C3-146155195047}.Debug|Any CPU.ActiveCfg = Debug|Any CPU
		{64CC4640-3DEC-4982-92C3-146155195047}.Debug|Any CPU.Build.0 = Debug|Any CPU
		{64CC4640-3DEC-4982-92C3-146155195047}.Release|Any CPU.ActiveCfg = Release|Any CPU
		{64CC4640-3DEC-4982-92C3-146155195047}.Release|Any CPU.Build.0 = Release|Any CPU
		{3FD23EF2-9B94-44F5-A680-52613B8B03C5}.Debug|Any CPU.ActiveCfg = Debug|Any CPU
		{3FD23EF2-9B94-44F5-A680-52613B8B03C5}.Debug|Any CPU.Build.0 = Debug|Any CPU
		{3FD23EF2-9B94-44F5-A680-52613B8B03C5}.Release|Any CPU.ActiveCfg = Release|Any CPU
		{3FD23EF2-9B94-44F5-A680-52613B8B03C5}.Release|Any CPU.Build.0 = Release|Any CPU
		{68E3BD1F-9AD0-4D8A-880D-9DE5ACE88F80}.Debug|Any CPU.ActiveCfg = Debug|Any CPU
		{68E3BD1F-9AD0-4D8A-880D-9DE5ACE88F80}.Debug|Any CPU.Build.0 = Debug|Any CPU
		{68E3BD1F-9AD0-4D8A-880D-9DE5ACE88F80}.Release|Any CPU.ActiveCfg = Release|Any CPU
		{68E3BD1F-9AD0-4D8A-880D-9DE5ACE88F80}.Release|Any CPU.Build.0 = Release|Any CPU
		{3B1B97B9-E78B-48B7-A0D8-8EE7DD2F224F}.Debug|Any CPU.ActiveCfg = Debug|Any CPU
		{3B1B97B9-E78B-48B7-A0D8-8EE7DD2F224F}.Debug|Any CPU.Build.0 = Debug|Any CPU
		{3B1B97B9-E78B-48B7-A0D8-8EE7DD2F224F}.Release|Any CPU.ActiveCfg = Release|Any CPU
		{3B1B97B9-E78B-48B7-A0D8-8EE7DD2F224F}.Release|Any CPU.Build.0 = Release|Any CPU
		{A6086015-8B75-4541-9632-D39454FBB488}.Debug|Any CPU.ActiveCfg = Debug|Any CPU
		{A6086015-8B75-4541-9632-D39454FBB488}.Debug|Any CPU.Build.0 = Debug|Any CPU
		{A6086015-8B75-4541-9632-D39454FBB488}.Release|Any CPU.ActiveCfg = Release|Any CPU
		{A6086015-8B75-4541-9632-D39454FBB488}.Release|Any CPU.Build.0 = Release|Any CPU
		{AB028CFF-F64E-4C8D-BCC4-3B08371BC49E}.Debug|Any CPU.ActiveCfg = Debug|Any CPU
		{AB028CFF-F64E-4C8D-BCC4-3B08371BC49E}.Debug|Any CPU.Build.0 = Debug|Any CPU
		{AB028CFF-F64E-4C8D-BCC4-3B08371BC49E}.Release|Any CPU.ActiveCfg = Release|Any CPU
		{AB028CFF-F64E-4C8D-BCC4-3B08371BC49E}.Release|Any CPU.Build.0 = Release|Any CPU
		{406C0A31-5A39-474E-B252-4C86FFECA734}.Debug|Any CPU.ActiveCfg = Debug|Any CPU
		{406C0A31-5A39-474E-B252-4C86FFECA734}.Debug|Any CPU.Build.0 = Debug|Any CPU
		{406C0A31-5A39-474E-B252-4C86FFECA734}.Release|Any CPU.ActiveCfg = Release|Any CPU
		{406C0A31-5A39-474E-B252-4C86FFECA734}.Release|Any CPU.Build.0 = Release|Any CPU
		{DB3E2B7E-3807-41C2-913D-0566C720090C}.Debug|Any CPU.ActiveCfg = Debug|Any CPU
		{DB3E2B7E-3807-41C2-913D-0566C720090C}.Debug|Any CPU.Build.0 = Debug|Any CPU
		{DB3E2B7E-3807-41C2-913D-0566C720090C}.Release|Any CPU.ActiveCfg = Release|Any CPU
		{DB3E2B7E-3807-41C2-913D-0566C720090C}.Release|Any CPU.Build.0 = Release|Any CPU
		{D4BF03F9-F086-4282-9C21-C88216D575E9}.Debug|Any CPU.ActiveCfg = Debug|Any CPU
		{D4BF03F9-F086-4282-9C21-C88216D575E9}.Debug|Any CPU.Build.0 = Debug|Any CPU
		{D4BF03F9-F086-4282-9C21-C88216D575E9}.Release|Any CPU.ActiveCfg = Release|Any CPU
		{D4BF03F9-F086-4282-9C21-C88216D575E9}.Release|Any CPU.Build.0 = Release|Any CPU
		{8F7A831D-C110-43E6-B4F7-D5AC8EC38687}.Debug|Any CPU.ActiveCfg = Debug|Any CPU
		{8F7A831D-C110-43E6-B4F7-D5AC8EC38687}.Debug|Any CPU.Build.0 = Debug|Any CPU
		{8F7A831D-C110-43E6-B4F7-D5AC8EC38687}.Release|Any CPU.ActiveCfg = Release|Any CPU
		{8F7A831D-C110-43E6-B4F7-D5AC8EC38687}.Release|Any CPU.Build.0 = Release|Any CPU
		{B320E352-6D15-43C8-A523-31B41DABA27B}.Debug|Any CPU.ActiveCfg = Debug|Any CPU
		{B320E352-6D15-43C8-A523-31B41DABA27B}.Debug|Any CPU.Build.0 = Debug|Any CPU
		{B320E352-6D15-43C8-A523-31B41DABA27B}.Release|Any CPU.ActiveCfg = Release|Any CPU
		{B320E352-6D15-43C8-A523-31B41DABA27B}.Release|Any CPU.Build.0 = Release|Any CPU
		{6C98187E-A22F-4839-AE20-839782BFE114}.Debug|Any CPU.ActiveCfg = Debug|Any CPU
		{6C98187E-A22F-4839-AE20-839782BFE114}.Debug|Any CPU.Build.0 = Debug|Any CPU
		{6C98187E-A22F-4839-AE20-839782BFE114}.Release|Any CPU.ActiveCfg = Release|Any CPU
		{6C98187E-A22F-4839-AE20-839782BFE114}.Release|Any CPU.Build.0 = Release|Any CPU
	EndGlobalSection
	GlobalSection(SolutionProperties) = preSolution
		HideSolutionNode = FALSE
	EndGlobalSection
	GlobalSection(ExtensibilityGlobals) = postSolution
		SolutionGuid = {06CB3864-5B3D-442B-84BA-83B24B1AFF6A}
	EndGlobalSection
EndGlobal
